
Microsoft Visual Studio Solution File, Format Version 12.00
# Visual Studio Version 17
VisualStudioVersion = 17.11.35327.3
MinimumVisualStudioVersion = 10.0.40219.1
Project("{2150E333-8FDC-42A3-9474-1A3956D46DE8}") = "Bootstrapper", "Bootstrapper", "{06EAD29C-F07A-45CD-A4D7-67617A7988D5}"
EndProject
Project("{2150E333-8FDC-42A3-9474-1A3956D46DE8}") = "Modules", "Modules", "{37BFBF01-51FC-4FAC-AFD3-0F89FE7D27AD}"
EndProject
Project("{2150E333-8FDC-42A3-9474-1A3956D46DE8}") = "Shared", "Shared", "{3454BA8D-81EC-46C1-81D9-788565F94D29}"
EndProject
Project("{9A19103F-16F7-4668-BE54-9A1E7A4F7556}") = "Api", "Bootstrapper\Api\Api.csproj", "{869CC362-C207-4D2E-A9BC-9568DC372A9C}"
EndProject
Project("{2150E333-8FDC-42A3-9474-1A3956D46DE8}") = "Basket", "Basket", "{E2F11C03-943F-4861-BCD1-64045A1A50A1}"
EndProject
Project("{2150E333-8FDC-42A3-9474-1A3956D46DE8}") = "Catalog", "Catalog", "{D4F8DD25-7748-4C84-A8B1-2C10A8213E7F}"
EndProject
Project("{2150E333-8FDC-42A3-9474-1A3956D46DE8}") = "Ordering", "Ordering", "{CDAA1593-CF67-46E9-90E3-49E0071A555B}"
EndProject
Project("{FAE04EC0-301F-11D3-BF4B-00C04F79EFBC}") = "Basket", "Modules\Basket\Basket\Basket.csproj", "{A91ED73B-1973-4F46-B7E9-4B7B1A2BF35F}"
EndProject
Project("{FAE04EC0-301F-11D3-BF4B-00C04F79EFBC}") = "Catalog", "Modules\Catalog\Catalog\Catalog.csproj", "{D6D4AADE-43A1-47C4-881E-FD6EACEADD32}"
EndProject
Project("{FAE04EC0-301F-11D3-BF4B-00C04F79EFBC}") = "Ordering", "Modules\Ordering\Ordering\Ordering.csproj", "{063ABD18-55E1-452C-B690-50E284E01EA0}"
EndProject
Project("{E53339B2-1760-4266-BCC7-CA923CBCF16C}") = "docker-compose", "docker-compose.dcproj", "{CCFD6B89-6507-4DE1-B9F6-092A73794889}"
EndProject
Project("{FAE04EC0-301F-11D3-BF4B-00C04F79EFBC}") = "Shared", "Shared\Shared\Shared.csproj", "{CA047719-E912-4F38-B0BC-7595D16B3A7F}"
EndProject
Project("{FAE04EC0-301F-11D3-BF4B-00C04F79EFBC}") = "Shared.Contracts", "Shared\Shared.Contracts\Shared.Contracts.csproj", "{201680AC-9A2E-4B78-BFB2-D1A18678C171}"
EndProject
Project("{FAE04EC0-301F-11D3-BF4B-00C04F79EFBC}") = "Catalog.Contracts", "Modules\Catalog\Catalog.Contracts\Catalog.Contracts.csproj", "{912499D2-89F1-473F-A0AE-8AEFDF57FB8D}"
EndProject
Project("{FAE04EC0-301F-11D3-BF4B-00C04F79EFBC}") = "Shared.Messaging", "Shared\Shared.Messaging\Shared.Messaging.csproj", "{23F58495-C7E8-480C-943F-BB7D444E2D1A}"
EndProject
Global
	GlobalSection(SolutionConfigurationPlatforms) = preSolution
		Debug|Any CPU = Debug|Any CPU
		Release|Any CPU = Release|Any CPU
	EndGlobalSection
	GlobalSection(ProjectConfigurationPlatforms) = postSolution
		{869CC362-C207-4D2E-A9BC-9568DC372A9C}.Debug|Any CPU.ActiveCfg = Debug|Any CPU
		{869CC362-C207-4D2E-A9BC-9568DC372A9C}.Debug|Any CPU.Build.0 = Debug|Any CPU
		{869CC362-C207-4D2E-A9BC-9568DC372A9C}.Release|Any CPU.ActiveCfg = Release|Any CPU
		{869CC362-C207-4D2E-A9BC-9568DC372A9C}.Release|Any CPU.Build.0 = Release|Any CPU
		{A91ED73B-1973-4F46-B7E9-4B7B1A2BF35F}.Debug|Any CPU.ActiveCfg = Debug|Any CPU
		{A91ED73B-1973-4F46-B7E9-4B7B1A2BF35F}.Debug|Any CPU.Build.0 = Debug|Any CPU
		{A91ED73B-1973-4F46-B7E9-4B7B1A2BF35F}.Release|Any CPU.ActiveCfg = Release|Any CPU
		{A91ED73B-1973-4F46-B7E9-4B7B1A2BF35F}.Release|Any CPU.Build.0 = Release|Any CPU
		{D6D4AADE-43A1-47C4-881E-FD6EACEADD32}.Debug|Any CPU.ActiveCfg = Debug|Any CPU
		{D6D4AADE-43A1-47C4-881E-FD6EACEADD32}.Debug|Any CPU.Build.0 = Debug|Any CPU
		{D6D4AADE-43A1-47C4-881E-FD6EACEADD32}.Release|Any CPU.ActiveCfg = Release|Any CPU
		{D6D4AADE-43A1-47C4-881E-FD6EACEADD32}.Release|Any CPU.Build.0 = Release|Any CPU
		{063ABD18-55E1-452C-B690-50E284E01EA0}.Debug|Any CPU.ActiveCfg = Debug|Any CPU
		{063ABD18-55E1-452C-B690-50E284E01EA0}.Debug|Any CPU.Build.0 = Debug|Any CPU
		{063ABD18-55E1-452C-B690-50E284E01EA0}.Release|Any CPU.ActiveCfg = Release|Any CPU
		{063ABD18-55E1-452C-B690-50E284E01EA0}.Release|Any CPU.Build.0 = Release|Any CPU
		{CCFD6B89-6507-4DE1-B9F6-092A73794889}.Debug|Any CPU.ActiveCfg = Debug|Any CPU
		{CCFD6B89-6507-4DE1-B9F6-092A73794889}.Debug|Any CPU.Build.0 = Debug|Any CPU
		{CCFD6B89-6507-4DE1-B9F6-092A73794889}.Release|Any CPU.ActiveCfg = Release|Any CPU
		{CCFD6B89-6507-4DE1-B9F6-092A73794889}.Release|Any CPU.Build.0 = Release|Any CPU
		{CA047719-E912-4F38-B0BC-7595D16B3A7F}.Debug|Any CPU.ActiveCfg = Debug|Any CPU
		{CA047719-E912-4F38-B0BC-7595D16B3A7F}.Debug|Any CPU.Build.0 = Debug|Any CPU
		{CA047719-E912-4F38-B0BC-7595D16B3A7F}.Release|Any CPU.ActiveCfg = Release|Any CPU
		{CA047719-E912-4F38-B0BC-7595D16B3A7F}.Release|Any CPU.Build.0 = Release|Any CPU
		{201680AC-9A2E-4B78-BFB2-D1A18678C171}.Debug|Any CPU.ActiveCfg = Debug|Any CPU
		{201680AC-9A2E-4B78-BFB2-D1A18678C171}.Debug|Any CPU.Build.0 = Debug|Any CPU
		{201680AC-9A2E-4B78-BFB2-D1A18678C171}.Release|Any CPU.ActiveCfg = Release|Any CPU
		{201680AC-9A2E-4B78-BFB2-D1A18678C171}.Release|Any CPU.Build.0 = Release|Any CPU
		{912499D2-89F1-473F-A0AE-8AEFDF57FB8D}.Debug|Any CPU.ActiveCfg = Debug|Any CPU
		{912499D2-89F1-473F-A0AE-8AEFDF57FB8D}.Debug|Any CPU.Build.0 = Debug|Any CPU
		{912499D2-89F1-473F-A0AE-8AEFDF57FB8D}.Release|Any CPU.ActiveCfg = Release|Any CPU
		{912499D2-89F1-473F-A0AE-8AEFDF57FB8D}.Release|Any CPU.Build.0 = Release|Any CPU
		{23F58495-C7E8-480C-943F-BB7D444E2D1A}.Debug|Any CPU.ActiveCfg = Debug|Any CPU
		{23F58495-C7E8-480C-943F-BB7D444E2D1A}.Debug|Any CPU.Build.0 = Debug|Any CPU
		{23F58495-C7E8-480C-943F-BB7D444E2D1A}.Release|Any CPU.ActiveCfg = Release|Any CPU
		{23F58495-C7E8-480C-943F-BB7D444E2D1A}.Release|Any CPU.Build.0 = Release|Any CPU
	EndGlobalSection
	GlobalSection(SolutionProperties) = preSolution
		HideSolutionNode = FALSE
	EndGlobalSection
	GlobalSection(NestedProjects) = preSolution
		{869CC362-C207-4D2E-A9BC-9568DC372A9C} = {06EAD29C-F07A-45CD-A4D7-67617A7988D5}
		{E2F11C03-943F-4861-BCD1-64045A1A50A1} = {37BFBF01-51FC-4FAC-AFD3-0F89FE7D27AD}
		{D4F8DD25-7748-4C84-A8B1-2C10A8213E7F} = {37BFBF01-51FC-4FAC-AFD3-0F89FE7D27AD}
		{CDAA1593-CF67-46E9-90E3-49E0071A555B} = {37BFBF01-51FC-4FAC-AFD3-0F89FE7D27AD}
		{A91ED73B-1973-4F46-B7E9-4B7B1A2BF35F} = {E2F11C03-943F-4861-BCD1-64045A1A50A1}
		{D6D4AADE-43A1-47C4-881E-FD6EACEADD32} = {D4F8DD25-7748-4C84-A8B1-2C10A8213E7F}
		{063ABD18-55E1-452C-B690-50E284E01EA0} = {CDAA1593-CF67-46E9-90E3-49E0071A555B}
		{CA047719-E912-4F38-B0BC-7595D16B3A7F} = {3454BA8D-81EC-46C1-81D9-788565F94D29}
		{201680AC-9A2E-4B78-BFB2-D1A18678C171} = {3454BA8D-81EC-46C1-81D9-788565F94D29}
		{912499D2-89F1-473F-A0AE-8AEFDF57FB8D} = {D4F8DD25-7748-4C84-A8B1-2C10A8213E7F}
		{23F58495-C7E8-480C-943F-BB7D444E2D1A} = {3454BA8D-81EC-46C1-81D9-788565F94D29}
	EndGlobalSection
	GlobalSection(ExtensibilityGlobals) = postSolution
		SolutionGuid = {6E759F96-0ABF-4B19-ACB9-2B5F815F9845}
	EndGlobalSection
EndGlobal
